
Microsoft Visual Studio Solution File, Format Version 12.00
# Visual Studio 14
VisualStudioVersion = 14.0.24720.0
MinimumVisualStudioVersion = 10.0.40219.1
Project("{FAE04EC0-301F-11D3-BF4B-00C04F79EFBC}") = "ConnectorRide.Core", "ConnectorRide.Core\ConnectorRide.Core.csproj", "{21ED1861-0AC6-49E3-BC9A-857DD89052E6}"
EndProject
Project("{FAE04EC0-301F-11D3-BF4B-00C04F79EFBC}") = "ConnectorRide.Tool", "ConnectorRide.Tool\ConnectorRide.Tool.csproj", "{7AFF70D2-722B-4033-9387-6DE136191F29}"
EndProject
Project("{FAE04EC0-301F-11D3-BF4B-00C04F79EFBC}") = "ConnectorRide.Web", "ConnectorRide.Web\ConnectorRide.Web.csproj", "{AEF9349D-DF69-4D90-B784-7E40905BB81E}"
EndProject
Project("{FAE04EC0-301F-11D3-BF4B-00C04F79EFBC}") = "ConnectorRide.Core.Tests", "ConnectorRide.Core.Tests\ConnectorRide.Core.Tests.csproj", "{18326A31-BC82-4C68-BFB9-616BA496A1F6}"
EndProject
Project("{2150E333-8FDC-42A3-9474-1A3956D46DE8}") = "Solution Items", "Solution Items", "{0C7C56C9-931A-49B0-ABBF-211FC5D2FD90}"
	ProjectSection(SolutionItems) = preProject
		NuGet.Config = NuGet.Config
		README.md = README.md
	EndProjectSection
EndProject
Global
	GlobalSection(SolutionConfigurationPlatforms) = preSolution
		Debug|Any CPU = Debug|Any CPU
		Release|Any CPU = Release|Any CPU
	EndGlobalSection
	GlobalSection(ProjectConfigurationPlatforms) = postSolution
		{21ED1861-0AC6-49E3-BC9A-857DD89052E6}.Debug|Any CPU.ActiveCfg = Debug|Any CPU
		{21ED1861-0AC6-49E3-BC9A-857DD89052E6}.Debug|Any CPU.Build.0 = Debug|Any CPU
		{21ED1861-0AC6-49E3-BC9A-857DD89052E6}.Release|Any CPU.ActiveCfg = Release|Any CPU
		{21ED1861-0AC6-49E3-BC9A-857DD89052E6}.Release|Any CPU.Build.0 = Release|Any CPU
		{7AFF70D2-722B-4033-9387-6DE136191F29}.Debug|Any CPU.ActiveCfg = Debug|Any CPU
		{7AFF70D2-722B-4033-9387-6DE136191F29}.Debug|Any CPU.Build.0 = Debug|Any CPU
		{7AFF70D2-722B-4033-9387-6DE136191F29}.Release|Any CPU.ActiveCfg = Release|Any CPU
		{7AFF70D2-722B-4033-9387-6DE136191F29}.Release|Any CPU.Build.0 = Release|Any CPU
		{AEF9349D-DF69-4D90-B784-7E40905BB81E}.Debug|Any CPU.ActiveCfg = Debug|Any CPU
		{AEF9349D-DF69-4D90-B784-7E40905BB81E}.Debug|Any CPU.Build.0 = Debug|Any CPU
		{AEF9349D-DF69-4D90-B784-7E40905BB81E}.Release|Any CPU.ActiveCfg = Release|Any CPU
		{AEF9349D-DF69-4D90-B784-7E40905BB81E}.Release|Any CPU.Build.0 = Release|Any CPU
		{18326A31-BC82-4C68-BFB9-616BA496A1F6}.Debug|Any CPU.ActiveCfg = Debug|Any CPU
		{18326A31-BC82-4C68-BFB9-616BA496A1F6}.Debug|Any CPU.Build.0 = Debug|Any CPU
		{18326A31-BC82-4C68-BFB9-616BA496A1F6}.Release|Any CPU.ActiveCfg = Release|Any CPU
		{18326A31-BC82-4C68-BFB9-616BA496A1F6}.Release|Any CPU.Build.0 = Release|Any CPU
	EndGlobalSection
	GlobalSection(SolutionProperties) = preSolution
		HideSolutionNode = FALSE
	EndGlobalSection
EndGlobal
